<?xml version="1.0" encoding="utf-8"?>
<Project ToolsVersion="4.0" xmlns="http://schemas.microsoft.com/developer/msbuild/2003">
  <ItemGroup>
    <ClCompile Include="Source\Capybara.cpp" />
    <ClCompile Include="Source\EntityManager.cpp" />
    <ClCompile Include="Source\GuiButton.cpp" />
    <ClCompile Include="Source\GuiCheckBox.cpp" />
    <ClCompile Include="Source\GuiControl.cpp" />
    <ClCompile Include="Source\GuiManager.cpp" />
    <ClCompile Include="Source\GuiSlider.cpp" />
    <ClCompile Include="Source\Item.cpp" />
    <ClCompile Include="Source\Main.cpp" />
    <ClCompile Include="Source\App.cpp" />
    <ClCompile Include="Source\Audio.cpp" />
    <ClCompile Include="Source\Input.cpp" />
    <ClCompile Include="Source\PerfTimer.cpp" />
    <ClCompile Include="Source\Fonts.cpp" />
    <ClCompile Include="Source\Scene.cpp" />
    <ClCompile Include="Source\Render.cpp" />
    <ClCompile Include="Source\Textures.cpp" />
    <ClCompile Include="Source\Timer.cpp" />
    <ClCompile Include="Source\Window.cpp" />
    <ClCompile Include="Source\Log.cpp" />
    <ClCompile Include="Source\External\PugiXml\src\pugixml.cpp" />
    <ClCompile Include="Source\Dialog.cpp" />
    <ClCompile Include="Source\DialogNode.cpp" />
  </ItemGroup>
  <ItemGroup>
    <ClInclude Include="Source\Capybara.h" />
    <ClInclude Include="Source\Entity.h" />
    <ClInclude Include="Source\EntityManager.h" />
    <ClInclude Include="Source\GuiButton.h" />
    <ClInclude Include="Source\GuiCheckBox.h" />
    <ClInclude Include="Source\GuiControl.h" />
    <ClInclude Include="Source\GuiManager.h" />
    <ClInclude Include="Source\GuiSlider.h" />
    <ClInclude Include="Source\Item.h" />
    <ClInclude Include="Source\PerfTimer.h" />
    <ClInclude Include="Source\Fonts.h" />
    <ClInclude Include="Source\Queue.h" />
    <ClInclude Include="Source\Scene.h" />
    <ClInclude Include="Source\Audio.h" />
    <ClInclude Include="Source\Input.h" />
    <ClInclude Include="Source\App.h" />
    <ClInclude Include="Source\Module.h" />
    <ClInclude Include="Source\Render.h" />
    <ClInclude Include="Source\Textures.h" />
    <ClInclude Include="Source\Timer.h" />
    <ClInclude Include="Source\Window.h" />
    <ClInclude Include="Source\Defs.h" />
    <ClInclude Include="Source\List.h" />
    <ClInclude Include="Source\Log.h" />
    <ClInclude Include="Source\Point.h" />
    <ClInclude Include="Source\SString.h" />
    <ClInclude Include="Source\DynArray.h" />
    <ClInclude Include="Source\External\PugiXml\src\pugiconfig.hpp" />
    <ClInclude Include="Source\External\PugiXml\src\pugixml.hpp" />
    <ClInclude Include="Source\Dialog.h" />
    <ClInclude Include="Source\DialogNode.h" />
  </ItemGroup>
</Project>